// !$*UTF8*$!
{
	archiveVersion = 1;
	classes = {
	};
	objectVersion = 48;
	objects = {

/* Begin PBXBuildFile section */
		24B1348520F249040038EB81 /* GoogleService-Info.plist in Resources */ = {isa = PBXBuildFile; fileRef = 24B1348420F249040038EB81 /* GoogleService-Info.plist */; };
		24B1348820F249F80038EB81 /* Arrow-Back-3-icon.png in Resources */ = {isa = PBXBuildFile; fileRef = 24B1348620F249F70038EB81 /* Arrow-Back-3-icon.png */; };
		24B1348920F249F80038EB81 /* Arrow-Back-3-icon-blue.png in Resources */ = {isa = PBXBuildFile; fileRef = 24B1348720F249F70038EB81 /* Arrow-Back-3-icon-blue.png */; };
		473FCD7DA4CD255706F6B195 /* Pods_ToGoList.framework in Frameworks */ = {isa = PBXBuildFile; fileRef = A69670654C016806C11BC4C0 /* Pods_ToGoList.framework */; };
		89D127311DBD6EF04804A4D5 /* Pods_ToGoListTests.framework in Frameworks */ = {isa = PBXBuildFile; fileRef = F4ED74852B1B676726DCD5BF /* Pods_ToGoListTests.framework */; };
		B786552B8925BC48FFC4C793 /* Pods_ToGoListUITests.framework in Frameworks */ = {isa = PBXBuildFile; fileRef = 46E0F5FC522B86EBA6F99442 /* Pods_ToGoListUITests.framework */; };
		DB004E0420D57988003B5A0C /* Models.swift in Sources */ = {isa = PBXBuildFile; fileRef = DB004E0320D57988003B5A0C /* Models.swift */; };
		DB4528AB20D7E14800290B01 /* CurrentListViewController.swift in Sources */ = {isa = PBXBuildFile; fileRef = DB4528AA20D7E14800290B01 /* CurrentListViewController.swift */; };
		DB7C8F1520C5992D00347AAE /* AppDelegate.swift in Sources */ = {isa = PBXBuildFile; fileRef = DB7C8F1420C5992D00347AAE /* AppDelegate.swift */; };
		DB7C8F1720C5992D00347AAE /* ViewController.swift in Sources */ = {isa = PBXBuildFile; fileRef = DB7C8F1620C5992D00347AAE /* ViewController.swift */; };
		DB7C8F1A20C5992D00347AAE /* Main.storyboard in Resources */ = {isa = PBXBuildFile; fileRef = DB7C8F1820C5992D00347AAE /* Main.storyboard */; };
		DB7C8F1C20C5992D00347AAE /* Assets.xcassets in Resources */ = {isa = PBXBuildFile; fileRef = DB7C8F1B20C5992D00347AAE /* Assets.xcassets */; };
		DB7C8F1F20C5992D00347AAE /* LaunchScreen.storyboard in Resources */ = {isa = PBXBuildFile; fileRef = DB7C8F1D20C5992D00347AAE /* LaunchScreen.storyboard */; };
		DB7C8F2A20C5992D00347AAE /* ToGoListTests.swift in Sources */ = {isa = PBXBuildFile; fileRef = DB7C8F2920C5992D00347AAE /* ToGoListTests.swift */; };
		DB7C8F3520C5992D00347AAE /* ToGoListUITests.swift in Sources */ = {isa = PBXBuildFile; fileRef = DB7C8F3420C5992D00347AAE /* ToGoListUITests.swift */; };
		DB9D3FD620D5503500C08650 /* RegisterViewController.swift in Sources */ = {isa = PBXBuildFile; fileRef = DB9D3FD520D5503500C08650 /* RegisterViewController.swift */; };
		DB9D3FDA20D55EB000C08650 /* ListViewController.swift in Sources */ = {isa = PBXBuildFile; fileRef = DB9D3FD920D55EB000C08650 /* ListViewController.swift */; };
		DB9D3FDC20D562A400C08650 /* NewListViewController.swift in Sources */ = {isa = PBXBuildFile; fileRef = DB9D3FDB20D562A400C08650 /* NewListViewController.swift */; };
		DBDE091620D1463C00B8F4E2 /* Helper.swift in Sources */ = {isa = PBXBuildFile; fileRef = DBDE091520D1463C00B8F4E2 /* Helper.swift */; };
/* End PBXBuildFile section */

/* Begin PBXContainerItemProxy section */
		DB7C8F2620C5992D00347AAE /* PBXContainerItemProxy */ = {
			isa = PBXContainerItemProxy;
			containerPortal = DB7C8F0920C5992D00347AAE /* Project object */;
			proxyType = 1;
			remoteGlobalIDString = DB7C8F1020C5992D00347AAE;
			remoteInfo = ToGoList;
		};
		DB7C8F3120C5992D00347AAE /* PBXContainerItemProxy */ = {
			isa = PBXContainerItemProxy;
			containerPortal = DB7C8F0920C5992D00347AAE /* Project object */;
			proxyType = 1;
			remoteGlobalIDString = DB7C8F1020C5992D00347AAE;
			remoteInfo = ToGoList;
		};
/* End PBXContainerItemProxy section */

/* Begin PBXFileReference section */
		24B1348420F249040038EB81 /* GoogleService-Info.plist */ = {isa = PBXFileReference; fileEncoding = 4; lastKnownFileType = text.plist.xml; path = "GoogleService-Info.plist"; sourceTree = "<group>"; };
		24B1348620F249F70038EB81 /* Arrow-Back-3-icon.png */ = {isa = PBXFileReference; lastKnownFileType = image.png; path = "Arrow-Back-3-icon.png"; sourceTree = "<group>"; };
		24B1348720F249F70038EB81 /* Arrow-Back-3-icon-blue.png */ = {isa = PBXFileReference; lastKnownFileType = image.png; path = "Arrow-Back-3-icon-blue.png"; sourceTree = "<group>"; };
		265B2788979C8B6FE40B25B7 /* Pods-ToGoListUITests.release.xcconfig */ = {isa = PBXFileReference; includeInIndex = 1; lastKnownFileType = text.xcconfig; name = "Pods-ToGoListUITests.release.xcconfig"; path = "Pods/Target Support Files/Pods-ToGoListUITests/Pods-ToGoListUITests.release.xcconfig"; sourceTree = "<group>"; };
		46E0F5FC522B86EBA6F99442 /* Pods_ToGoListUITests.framework */ = {isa = PBXFileReference; explicitFileType = wrapper.framework; includeInIndex = 0; path = Pods_ToGoListUITests.framework; sourceTree = BUILT_PRODUCTS_DIR; };
		6C0589026244359CE04B04F0 /* Pods-ToGoList.release.xcconfig */ = {isa = PBXFileReference; includeInIndex = 1; lastKnownFileType = text.xcconfig; name = "Pods-ToGoList.release.xcconfig"; path = "Pods/Target Support Files/Pods-ToGoList/Pods-ToGoList.release.xcconfig"; sourceTree = "<group>"; };
		74F2035B81057C00D278937F /* Pods-ToGoListTests.debug.xcconfig */ = {isa = PBXFileReference; includeInIndex = 1; lastKnownFileType = text.xcconfig; name = "Pods-ToGoListTests.debug.xcconfig"; path = "Pods/Target Support Files/Pods-ToGoListTests/Pods-ToGoListTests.debug.xcconfig"; sourceTree = "<group>"; };
		A69670654C016806C11BC4C0 /* Pods_ToGoList.framework */ = {isa = PBXFileReference; explicitFileType = wrapper.framework; includeInIndex = 0; path = Pods_ToGoList.framework; sourceTree = BUILT_PRODUCTS_DIR; };
		C5B48DFAA964113B6F3925F6 /* Pods-ToGoList.debug.xcconfig */ = {isa = PBXFileReference; includeInIndex = 1; lastKnownFileType = text.xcconfig; name = "Pods-ToGoList.debug.xcconfig"; path = "Pods/Target Support Files/Pods-ToGoList/Pods-ToGoList.debug.xcconfig"; sourceTree = "<group>"; };
		DB004E0320D57988003B5A0C /* Models.swift */ = {isa = PBXFileReference; lastKnownFileType = sourcecode.swift; path = Models.swift; sourceTree = "<group>"; };
		DB4528AA20D7E14800290B01 /* CurrentListViewController.swift */ = {isa = PBXFileReference; lastKnownFileType = sourcecode.swift; path = CurrentListViewController.swift; sourceTree = "<group>"; };
		DB7C8F1120C5992D00347AAE /* ToGoList.app */ = {isa = PBXFileReference; explicitFileType = wrapper.application; includeInIndex = 0; path = ToGoList.app; sourceTree = BUILT_PRODUCTS_DIR; };
		DB7C8F1420C5992D00347AAE /* AppDelegate.swift */ = {isa = PBXFileReference; lastKnownFileType = sourcecode.swift; path = AppDelegate.swift; sourceTree = "<group>"; };
		DB7C8F1620C5992D00347AAE /* ViewController.swift */ = {isa = PBXFileReference; lastKnownFileType = sourcecode.swift; path = ViewController.swift; sourceTree = "<group>"; };
		DB7C8F1920C5992D00347AAE /* Base */ = {isa = PBXFileReference; lastKnownFileType = file.storyboard; name = Base; path = Base.lproj/Main.storyboard; sourceTree = "<group>"; };
		DB7C8F1B20C5992D00347AAE /* Assets.xcassets */ = {isa = PBXFileReference; lastKnownFileType = folder.assetcatalog; path = Assets.xcassets; sourceTree = "<group>"; };
		DB7C8F1E20C5992D00347AAE /* Base */ = {isa = PBXFileReference; lastKnownFileType = file.storyboard; name = Base; path = Base.lproj/LaunchScreen.storyboard; sourceTree = "<group>"; };
		DB7C8F2020C5992D00347AAE /* Info.plist */ = {isa = PBXFileReference; lastKnownFileType = text.plist.xml; path = Info.plist; sourceTree = "<group>"; };
		DB7C8F2520C5992D00347AAE /* ToGoListTests.xctest */ = {isa = PBXFileReference; explicitFileType = wrapper.cfbundle; includeInIndex = 0; path = ToGoListTests.xctest; sourceTree = BUILT_PRODUCTS_DIR; };
		DB7C8F2920C5992D00347AAE /* ToGoListTests.swift */ = {isa = PBXFileReference; lastKnownFileType = sourcecode.swift; path = ToGoListTests.swift; sourceTree = "<group>"; };
		DB7C8F2B20C5992D00347AAE /* Info.plist */ = {isa = PBXFileReference; lastKnownFileType = text.plist.xml; path = Info.plist; sourceTree = "<group>"; };
		DB7C8F3020C5992D00347AAE /* ToGoListUITests.xctest */ = {isa = PBXFileReference; explicitFileType = wrapper.cfbundle; includeInIndex = 0; path = ToGoListUITests.xctest; sourceTree = BUILT_PRODUCTS_DIR; };
		DB7C8F3420C5992D00347AAE /* ToGoListUITests.swift */ = {isa = PBXFileReference; lastKnownFileType = sourcecode.swift; path = ToGoListUITests.swift; sourceTree = "<group>"; };
		DB7C8F3620C5992D00347AAE /* Info.plist */ = {isa = PBXFileReference; lastKnownFileType = text.plist.xml; path = Info.plist; sourceTree = "<group>"; };
		DB9D3FD520D5503500C08650 /* RegisterViewController.swift */ = {isa = PBXFileReference; lastKnownFileType = sourcecode.swift; path = RegisterViewController.swift; sourceTree = "<group>"; };
		DB9D3FD920D55EB000C08650 /* ListViewController.swift */ = {isa = PBXFileReference; lastKnownFileType = sourcecode.swift; path = ListViewController.swift; sourceTree = "<group>"; };
		DB9D3FDB20D562A400C08650 /* NewListViewController.swift */ = {isa = PBXFileReference; lastKnownFileType = sourcecode.swift; path = NewListViewController.swift; sourceTree = "<group>"; };
		DBDE091520D1463C00B8F4E2 /* Helper.swift */ = {isa = PBXFileReference; lastKnownFileType = sourcecode.swift; path = Helper.swift; sourceTree = "<group>"; };
		DEF7A34AF6C0D4EBE88025BC /* Pods-ToGoListUITests.debug.xcconfig */ = {isa = PBXFileReference; includeInIndex = 1; lastKnownFileType = text.xcconfig; name = "Pods-ToGoListUITests.debug.xcconfig"; path = "Pods/Target Support Files/Pods-ToGoListUITests/Pods-ToGoListUITests.debug.xcconfig"; sourceTree = "<group>"; };
		DF956B7AD024FC18EDD004D0 /* Pods-ToGoListTests.release.xcconfig */ = {isa = PBXFileReference; includeInIndex = 1; lastKnownFileType = text.xcconfig; name = "Pods-ToGoListTests.release.xcconfig"; path = "Pods/Target Support Files/Pods-ToGoListTests/Pods-ToGoListTests.release.xcconfig"; sourceTree = "<group>"; };
		F4ED74852B1B676726DCD5BF /* Pods_ToGoListTests.framework */ = {isa = PBXFileReference; explicitFileType = wrapper.framework; includeInIndex = 0; path = Pods_ToGoListTests.framework; sourceTree = BUILT_PRODUCTS_DIR; };
/* End PBXFileReference section */

/* Begin PBXFrameworksBuildPhase section */
		DB7C8F0E20C5992D00347AAE /* Frameworks */ = {
			isa = PBXFrameworksBuildPhase;
			buildActionMask = 2147483647;
			files = (
				473FCD7DA4CD255706F6B195 /* Pods_ToGoList.framework in Frameworks */,
			);
			runOnlyForDeploymentPostprocessing = 0;
		};
		DB7C8F2220C5992D00347AAE /* Frameworks */ = {
			isa = PBXFrameworksBuildPhase;
			buildActionMask = 2147483647;
			files = (
				89D127311DBD6EF04804A4D5 /* Pods_ToGoListTests.framework in Frameworks */,
			);
			runOnlyForDeploymentPostprocessing = 0;
		};
		DB7C8F2D20C5992D00347AAE /* Frameworks */ = {
			isa = PBXFrameworksBuildPhase;
			buildActionMask = 2147483647;
			files = (
				B786552B8925BC48FFC4C793 /* Pods_ToGoListUITests.framework in Frameworks */,
			);
			runOnlyForDeploymentPostprocessing = 0;
		};
/* End PBXFrameworksBuildPhase section */

/* Begin PBXGroup section */
		D901D5A1F7E59B4A03970E89 /* Pods */ = {
			isa = PBXGroup;
			children = (
				C5B48DFAA964113B6F3925F6 /* Pods-ToGoList.debug.xcconfig */,
				6C0589026244359CE04B04F0 /* Pods-ToGoList.release.xcconfig */,
				74F2035B81057C00D278937F /* Pods-ToGoListTests.debug.xcconfig */,
				DF956B7AD024FC18EDD004D0 /* Pods-ToGoListTests.release.xcconfig */,
				DEF7A34AF6C0D4EBE88025BC /* Pods-ToGoListUITests.debug.xcconfig */,
				265B2788979C8B6FE40B25B7 /* Pods-ToGoListUITests.release.xcconfig */,
			);
			name = Pods;
			sourceTree = "<group>";
		};
		DB7C8F0820C5992D00347AAE = {
			isa = PBXGroup;
			children = (
				DB7C8F1320C5992D00347AAE /* ToGoList */,
				DB7C8F2820C5992D00347AAE /* ToGoListTests */,
				DB7C8F3320C5992D00347AAE /* ToGoListUITests */,
				DB7C8F1220C5992D00347AAE /* Products */,
				D901D5A1F7E59B4A03970E89 /* Pods */,
				E3E5FAABEEF5A71B8449ABD3 /* Frameworks */,
			);
			sourceTree = "<group>";
		};
		DB7C8F1220C5992D00347AAE /* Products */ = {
			isa = PBXGroup;
			children = (
				DB7C8F1120C5992D00347AAE /* ToGoList.app */,
				DB7C8F2520C5992D00347AAE /* ToGoListTests.xctest */,
				DB7C8F3020C5992D00347AAE /* ToGoListUITests.xctest */,
			);
			name = Products;
			sourceTree = "<group>";
		};
		DB7C8F1320C5992D00347AAE /* ToGoList */ = {
			isa = PBXGroup;
			children = (
				24B1348720F249F70038EB81 /* Arrow-Back-3-icon-blue.png */,
				24B1348620F249F70038EB81 /* Arrow-Back-3-icon.png */,
				24B1348420F249040038EB81 /* GoogleService-Info.plist */,
				DB7C8F1420C5992D00347AAE /* AppDelegate.swift */,
				DB7C8F1620C5992D00347AAE /* ViewController.swift */,
				DB7C8F1820C5992D00347AAE /* Main.storyboard */,
				DB7C8F1B20C5992D00347AAE /* Assets.xcassets */,
				DB7C8F1D20C5992D00347AAE /* LaunchScreen.storyboard */,
				DB7C8F2020C5992D00347AAE /* Info.plist */,
				DBDE091520D1463C00B8F4E2 /* Helper.swift */,
				DB9D3FD520D5503500C08650 /* RegisterViewController.swift */,
				DB9D3FD920D55EB000C08650 /* ListViewController.swift */,
				DB9D3FDB20D562A400C08650 /* NewListViewController.swift */,
				DB004E0320D57988003B5A0C /* Models.swift */,
				DB4528AA20D7E14800290B01 /* CurrentListViewController.swift */,
			);
			path = ToGoList;
			sourceTree = "<group>";
		};
		DB7C8F2820C5992D00347AAE /* ToGoListTests */ = {
			isa = PBXGroup;
			children = (
				DB7C8F2920C5992D00347AAE /* ToGoListTests.swift */,
				DB7C8F2B20C5992D00347AAE /* Info.plist */,
			);
			path = ToGoListTests;
			sourceTree = "<group>";
		};
		DB7C8F3320C5992D00347AAE /* ToGoListUITests */ = {
			isa = PBXGroup;
			children = (
				DB7C8F3420C5992D00347AAE /* ToGoListUITests.swift */,
				DB7C8F3620C5992D00347AAE /* Info.plist */,
			);
			path = ToGoListUITests;
			sourceTree = "<group>";
		};
		E3E5FAABEEF5A71B8449ABD3 /* Frameworks */ = {
			isa = PBXGroup;
			children = (
				A69670654C016806C11BC4C0 /* Pods_ToGoList.framework */,
				F4ED74852B1B676726DCD5BF /* Pods_ToGoListTests.framework */,
				46E0F5FC522B86EBA6F99442 /* Pods_ToGoListUITests.framework */,
			);
			name = Frameworks;
			sourceTree = "<group>";
		};
/* End PBXGroup section */

/* Begin PBXNativeTarget section */
		DB7C8F1020C5992D00347AAE /* ToGoList */ = {
			isa = PBXNativeTarget;
			buildConfigurationList = DB7C8F3920C5992D00347AAE /* Build configuration list for PBXNativeTarget "ToGoList" */;
			buildPhases = (
				D395EF9546812A564C2045C6 /* [CP] Check Pods Manifest.lock */,
				DB7C8F0D20C5992D00347AAE /* Sources */,
				DB7C8F0E20C5992D00347AAE /* Frameworks */,
				DB7C8F0F20C5992D00347AAE /* Resources */,
				5E2BEA0BF1B445CCF69E099B /* [CP] Embed Pods Frameworks */,
			);
			buildRules = (
			);
			dependencies = (
			);
			name = ToGoList;
			productName = ToGoList;
			productReference = DB7C8F1120C5992D00347AAE /* ToGoList.app */;
			productType = "com.apple.product-type.application";
		};
		DB7C8F2420C5992D00347AAE /* ToGoListTests */ = {
			isa = PBXNativeTarget;
			buildConfigurationList = DB7C8F3C20C5992D00347AAE /* Build configuration list for PBXNativeTarget "ToGoListTests" */;
			buildPhases = (
				907707C11D046588935D78D0 /* [CP] Check Pods Manifest.lock */,
				DB7C8F2120C5992D00347AAE /* Sources */,
				DB7C8F2220C5992D00347AAE /* Frameworks */,
				DB7C8F2320C5992D00347AAE /* Resources */,
			);
			buildRules = (
			);
			dependencies = (
				DB7C8F2720C5992D00347AAE /* PBXTargetDependency */,
			);
			name = ToGoListTests;
			productName = ToGoListTests;
			productReference = DB7C8F2520C5992D00347AAE /* ToGoListTests.xctest */;
			productType = "com.apple.product-type.bundle.unit-test";
		};
		DB7C8F2F20C5992D00347AAE /* ToGoListUITests */ = {
			isa = PBXNativeTarget;
			buildConfigurationList = DB7C8F3F20C5992D00347AAE /* Build configuration list for PBXNativeTarget "ToGoListUITests" */;
			buildPhases = (
				B6CCBB0FC01C990749C1DDB8 /* [CP] Check Pods Manifest.lock */,
				DB7C8F2C20C5992D00347AAE /* Sources */,
				DB7C8F2D20C5992D00347AAE /* Frameworks */,
				DB7C8F2E20C5992D00347AAE /* Resources */,
			);
			buildRules = (
			);
			dependencies = (
				DB7C8F3220C5992D00347AAE /* PBXTargetDependency */,
			);
			name = ToGoListUITests;
			productName = ToGoListUITests;
			productReference = DB7C8F3020C5992D00347AAE /* ToGoListUITests.xctest */;
			productType = "com.apple.product-type.bundle.ui-testing";
		};
/* End PBXNativeTarget section */

/* Begin PBXProject section */
		DB7C8F0920C5992D00347AAE /* Project object */ = {
			isa = PBXProject;
			attributes = {
				LastSwiftUpdateCheck = 0920;
				LastUpgradeCheck = 0920;
				ORGANIZATIONNAME = "Gjorgji Markov";
				TargetAttributes = {
					DB7C8F1020C5992D00347AAE = {
						CreatedOnToolsVersion = 9.2;
						ProvisioningStyle = Automatic;
					};
					DB7C8F2420C5992D00347AAE = {
						CreatedOnToolsVersion = 9.2;
						ProvisioningStyle = Automatic;
						TestTargetID = DB7C8F1020C5992D00347AAE;
					};
					DB7C8F2F20C5992D00347AAE = {
						CreatedOnToolsVersion = 9.2;
						ProvisioningStyle = Automatic;
						TestTargetID = DB7C8F1020C5992D00347AAE;
					};
				};
			};
			buildConfigurationList = DB7C8F0C20C5992D00347AAE /* Build configuration list for PBXProject "ToGoList" */;
			compatibilityVersion = "Xcode 8.0";
			developmentRegion = en;
			hasScannedForEncodings = 0;
			knownRegions = (
				en,
				Base,
			);
			mainGroup = DB7C8F0820C5992D00347AAE;
			productRefGroup = DB7C8F1220C5992D00347AAE /* Products */;
			projectDirPath = "";
			projectRoot = "";
			targets = (
				DB7C8F1020C5992D00347AAE /* ToGoList */,
				DB7C8F2420C5992D00347AAE /* ToGoListTests */,
				DB7C8F2F20C5992D00347AAE /* ToGoListUITests */,
			);
		};
/* End PBXProject section */

/* Begin PBXResourcesBuildPhase section */
		DB7C8F0F20C5992D00347AAE /* Resources */ = {
			isa = PBXResourcesBuildPhase;
			buildActionMask = 2147483647;
			files = (
				DB7C8F1F20C5992D00347AAE /* LaunchScreen.storyboard in Resources */,
				24B1348920F249F80038EB81 /* Arrow-Back-3-icon-blue.png in Resources */,
				DB7C8F1C20C5992D00347AAE /* Assets.xcassets in Resources */,
				24B1348820F249F80038EB81 /* Arrow-Back-3-icon.png in Resources */,
				DB7C8F1A20C5992D00347AAE /* Main.storyboard in Resources */,
				24B1348520F249040038EB81 /* GoogleService-Info.plist in Resources */,
			);
			runOnlyForDeploymentPostprocessing = 0;
		};
		DB7C8F2320C5992D00347AAE /* Resources */ = {
			isa = PBXResourcesBuildPhase;
			buildActionMask = 2147483647;
			files = (
			);
			runOnlyForDeploymentPostprocessing = 0;
		};
		DB7C8F2E20C5992D00347AAE /* Resources */ = {
			isa = PBXResourcesBuildPhase;
			buildActionMask = 2147483647;
			files = (
			);
			runOnlyForDeploymentPostprocessing = 0;
		};
/* End PBXResourcesBuildPhase section */

/* Begin PBXShellScriptBuildPhase section */
		5E2BEA0BF1B445CCF69E099B /* [CP] Embed Pods Frameworks */ = {
			isa = PBXShellScriptBuildPhase;
			buildActionMask = 2147483647;
			files = (
			);
			inputPaths = (
				"${SRCROOT}/Pods/Target Support Files/Pods-ToGoList/Pods-ToGoList-frameworks.sh",
				"${BUILT_PRODUCTS_DIR}/GTMSessionFetcher/GTMSessionFetcher.framework",
				"${BUILT_PRODUCTS_DIR}/GoogleToolboxForMac/GoogleToolboxForMac.framework",
				"${BUILT_PRODUCTS_DIR}/leveldb-library/leveldb.framework",
				"${BUILT_PRODUCTS_DIR}/nanopb/nanopb.framework",
			);
			name = "[CP] Embed Pods Frameworks";
			outputPaths = (
				"${TARGET_BUILD_DIR}/${FRAMEWORKS_FOLDER_PATH}/GTMSessionFetcher.framework",
				"${TARGET_BUILD_DIR}/${FRAMEWORKS_FOLDER_PATH}/GoogleToolboxForMac.framework",
				"${TARGET_BUILD_DIR}/${FRAMEWORKS_FOLDER_PATH}/leveldb.framework",
				"${TARGET_BUILD_DIR}/${FRAMEWORKS_FOLDER_PATH}/nanopb.framework",
			);
			runOnlyForDeploymentPostprocessing = 0;
			shellPath = /bin/sh;
			shellScript = "\"${SRCROOT}/Pods/Target Support Files/Pods-ToGoList/Pods-ToGoList-frameworks.sh\"\n";
			showEnvVarsInLog = 0;
		};
		907707C11D046588935D78D0 /* [CP] Check Pods Manifest.lock */ = {
			isa = PBXShellScriptBuildPhase;
			buildActionMask = 2147483647;
			files = (
			);
			inputPaths = (
				"${PODS_PODFILE_DIR_PATH}/Podfile.lock",
				"${PODS_ROOT}/Manifest.lock",
			);
			name = "[CP] Check Pods Manifest.lock";
			outputPaths = (
				"$(DERIVED_FILE_DIR)/Pods-ToGoListTests-checkManifestLockResult.txt",
			);
			runOnlyForDeploymentPostprocessing = 0;
			shellPath = /bin/sh;
			shellScript = "diff \"${PODS_PODFILE_DIR_PATH}/Podfile.lock\" \"${PODS_ROOT}/Manifest.lock\" > /dev/null\nif [ $? != 0 ] ; then\n    # print error to STDERR\n    echo \"error: The sandbox is not in sync with the Podfile.lock. Run 'pod install' or update your CocoaPods installation.\" >&2\n    exit 1\nfi\n# This output is used by Xcode 'outputs' to avoid re-running this script phase.\necho \"SUCCESS\" > \"${SCRIPT_OUTPUT_FILE_0}\"\n";
			showEnvVarsInLog = 0;
		};
		B6CCBB0FC01C990749C1DDB8 /* [CP] Check Pods Manifest.lock */ = {
			isa = PBXShellScriptBuildPhase;
			buildActionMask = 2147483647;
			files = (
			);
			inputPaths = (
				"${PODS_PODFILE_DIR_PATH}/Podfile.lock",
				"${PODS_ROOT}/Manifest.lock",
			);
			name = "[CP] Check Pods Manifest.lock";
			outputPaths = (
				"$(DERIVED_FILE_DIR)/Pods-ToGoListUITests-checkManifestLockResult.txt",
			);
			runOnlyForDeploymentPostprocessing = 0;
			shellPath = /bin/sh;
			shellScript = "diff \"${PODS_PODFILE_DIR_PATH}/Podfile.lock\" \"${PODS_ROOT}/Manifest.lock\" > /dev/null\nif [ $? != 0 ] ; then\n    # print error to STDERR\n    echo \"error: The sandbox is not in sync with the Podfile.lock. Run 'pod install' or update your CocoaPods installation.\" >&2\n    exit 1\nfi\n# This output is used by Xcode 'outputs' to avoid re-running this script phase.\necho \"SUCCESS\" > \"${SCRIPT_OUTPUT_FILE_0}\"\n";
			showEnvVarsInLog = 0;
		};
		D395EF9546812A564C2045C6 /* [CP] Check Pods Manifest.lock */ = {
			isa = PBXShellScriptBuildPhase;
			buildActionMask = 2147483647;
			files = (
			);
			inputPaths = (
				"${PODS_PODFILE_DIR_PATH}/Podfile.lock",
				"${PODS_ROOT}/Manifest.lock",
			);
			name = "[CP] Check Pods Manifest.lock";
			outputPaths = (
				"$(DERIVED_FILE_DIR)/Pods-ToGoList-checkManifestLockResult.txt",
			);
			runOnlyForDeploymentPostprocessing = 0;
			shellPath = /bin/sh;
			shellScript = "diff \"${PODS_PODFILE_DIR_PATH}/Podfile.lock\" \"${PODS_ROOT}/Manifest.lock\" > /dev/null\nif [ $? != 0 ] ; then\n    # print error to STDERR\n    echo \"error: The sandbox is not in sync with the Podfile.lock. Run 'pod install' or update your CocoaPods installation.\" >&2\n    exit 1\nfi\n# This output is used by Xcode 'outputs' to avoid re-running this script phase.\necho \"SUCCESS\" > \"${SCRIPT_OUTPUT_FILE_0}\"\n";
			showEnvVarsInLog = 0;
		};
/* End PBXShellScriptBuildPhase section */

/* Begin PBXSourcesBuildPhase section */
		DB7C8F0D20C5992D00347AAE /* Sources */ = {
			isa = PBXSourcesBuildPhase;
			buildActionMask = 2147483647;
			files = (
				DB4528AB20D7E14800290B01 /* CurrentListViewController.swift in Sources */,
				DB7C8F1720C5992D00347AAE /* ViewController.swift in Sources */,
				DB7C8F1520C5992D00347AAE /* AppDelegate.swift in Sources */,
				DBDE091620D1463C00B8F4E2 /* Helper.swift in Sources */,
				DB9D3FDC20D562A400C08650 /* NewListViewController.swift in Sources */,
				DB9D3FDA20D55EB000C08650 /* ListViewController.swift in Sources */,
				DB9D3FD620D5503500C08650 /* RegisterViewController.swift in Sources */,
				DB004E0420D57988003B5A0C /* Models.swift in Sources */,
			);
			runOnlyForDeploymentPostprocessing = 0;
		};
		DB7C8F2120C5992D00347AAE /* Sources */ = {
			isa = PBXSourcesBuildPhase;
			buildActionMask = 2147483647;
			files = (
				DB7C8F2A20C5992D00347AAE /* ToGoListTests.swift in Sources */,
			);
			runOnlyForDeploymentPostprocessing = 0;
		};
		DB7C8F2C20C5992D00347AAE /* Sources */ = {
			isa = PBXSourcesBuildPhase;
			buildActionMask = 2147483647;
			files = (
				DB7C8F3520C5992D00347AAE /* ToGoListUITests.swift in Sources */,
			);
			runOnlyForDeploymentPostprocessing = 0;
		};
/* End PBXSourcesBuildPhase section */

/* Begin PBXTargetDependency section */
		DB7C8F2720C5992D00347AAE /* PBXTargetDependency */ = {
			isa = PBXTargetDependency;
			target = DB7C8F1020C5992D00347AAE /* ToGoList */;
			targetProxy = DB7C8F2620C5992D00347AAE /* PBXContainerItemProxy */;
		};
		DB7C8F3220C5992D00347AAE /* PBXTargetDependency */ = {
			isa = PBXTargetDependency;
			target = DB7C8F1020C5992D00347AAE /* ToGoList */;
			targetProxy = DB7C8F3120C5992D00347AAE /* PBXContainerItemProxy */;
		};
/* End PBXTargetDependency section */

/* Begin PBXVariantGroup section */
		DB7C8F1820C5992D00347AAE /* Main.storyboard */ = {
			isa = PBXVariantGroup;
			children = (
				DB7C8F1920C5992D00347AAE /* Base */,
			);
			name = Main.storyboard;
			sourceTree = "<group>";
		};
		DB7C8F1D20C5992D00347AAE /* LaunchScreen.storyboard */ = {
			isa = PBXVariantGroup;
			children = (
				DB7C8F1E20C5992D00347AAE /* Base */,
			);
			name = LaunchScreen.storyboard;
			sourceTree = "<group>";
		};
/* End PBXVariantGroup section */

/* Begin XCBuildConfiguration section */
		DB7C8F3720C5992D00347AAE /* Debug */ = {
			isa = XCBuildConfiguration;
			buildSettings = {
				ALWAYS_SEARCH_USER_PATHS = NO;
				CLANG_ANALYZER_NONNULL = YES;
				CLANG_ANALYZER_NUMBER_OBJECT_CONVERSION = YES_AGGRESSIVE;
				CLANG_CXX_LANGUAGE_STANDARD = "gnu++14";
				CLANG_CXX_LIBRARY = "libc++";
				CLANG_ENABLE_MODULES = YES;
				CLANG_ENABLE_OBJC_ARC = YES;
				CLANG_WARN_BLOCK_CAPTURE_AUTORELEASING = YES;
				CLANG_WARN_BOOL_CONVERSION = YES;
				CLANG_WARN_COMMA = YES;
				CLANG_WARN_CONSTANT_CONVERSION = YES;
				CLANG_WARN_DIRECT_OBJC_ISA_USAGE = YES_ERROR;
				CLANG_WARN_DOCUMENTATION_COMMENTS = YES;
				CLANG_WARN_EMPTY_BODY = YES;
				CLANG_WARN_ENUM_CONVERSION = YES;
				CLANG_WARN_INFINITE_RECURSION = YES;
				CLANG_WARN_INT_CONVERSION = YES;
				CLANG_WARN_NON_LITERAL_NULL_CONVERSION = YES;
				CLANG_WARN_OBJC_LITERAL_CONVERSION = YES;
				CLANG_WARN_OBJC_ROOT_CLASS = YES_ERROR;
				CLANG_WARN_RANGE_LOOP_ANALYSIS = YES;
				CLANG_WARN_STRICT_PROTOTYPES = YES;
				CLANG_WARN_SUSPICIOUS_MOVE = YES;
				CLANG_WARN_UNGUARDED_AVAILABILITY = YES_AGGRESSIVE;
				CLANG_WARN_UNREACHABLE_CODE = YES;
				CLANG_WARN__DUPLICATE_METHOD_MATCH = YES;
				CODE_SIGN_IDENTITY = "iPhone Developer";
				COPY_PHASE_STRIP = NO;
				DEBUG_INFORMATION_FORMAT = dwarf;
				ENABLE_STRICT_OBJC_MSGSEND = YES;
				ENABLE_TESTABILITY = YES;
				GCC_C_LANGUAGE_STANDARD = gnu11;
				GCC_DYNAMIC_NO_PIC = NO;
				GCC_NO_COMMON_BLOCKS = YES;
				GCC_OPTIMIZATION_LEVEL = 0;
				GCC_PREPROCESSOR_DEFINITIONS = (
					"DEBUG=1",
					"$(inherited)",
				);
				GCC_WARN_64_TO_32_BIT_CONVERSION = YES;
				GCC_WARN_ABOUT_RETURN_TYPE = YES_ERROR;
				GCC_WARN_UNDECLARED_SELECTOR = YES;
				GCC_WARN_UNINITIALIZED_AUTOS = YES_AGGRESSIVE;
				GCC_WARN_UNUSED_FUNCTION = YES;
				GCC_WARN_UNUSED_VARIABLE = YES;
				IPHONEOS_DEPLOYMENT_TARGET = 11.2;
				MTL_ENABLE_DEBUG_INFO = YES;
				ONLY_ACTIVE_ARCH = YES;
				SDKROOT = iphoneos;
				SWIFT_ACTIVE_COMPILATION_CONDITIONS = DEBUG;
				SWIFT_OPTIMIZATION_LEVEL = "-Onone";
			};
			name = Debug;
		};
		DB7C8F3820C5992D00347AAE /* Release */ = {
			isa = XCBuildConfiguration;
			buildSettings = {
				ALWAYS_SEARCH_USER_PATHS = NO;
				CLANG_ANALYZER_NONNULL = YES;
				CLANG_ANALYZER_NUMBER_OBJECT_CONVERSION = YES_AGGRESSIVE;
				CLANG_CXX_LANGUAGE_STANDARD = "gnu++14";
				CLANG_CXX_LIBRARY = "libc++";
				CLANG_ENABLE_MODULES = YES;
				CLANG_ENABLE_OBJC_ARC = YES;
				CLANG_WARN_BLOCK_CAPTURE_AUTORELEASING = YES;
				CLANG_WARN_BOOL_CONVERSION = YES;
				CLANG_WARN_COMMA = YES;
				CLANG_WARN_CONSTANT_CONVERSION = YES;
				CLANG_WARN_DIRECT_OBJC_ISA_USAGE = YES_ERROR;
				CLANG_WARN_DOCUMENTATION_COMMENTS = YES;
				CLANG_WARN_EMPTY_BODY = YES;
				CLANG_WARN_ENUM_CONVERSION = YES;
				CLANG_WARN_INFINITE_RECURSION = YES;
				CLANG_WARN_INT_CONVERSION = YES;
				CLANG_WARN_NON_LITERAL_NULL_CONVERSION = YES;
				CLANG_WARN_OBJC_LITERAL_CONVERSION = YES;
				CLANG_WARN_OBJC_ROOT_CLASS = YES_ERROR;
				CLANG_WARN_RANGE_LOOP_ANALYSIS = YES;
				CLANG_WARN_STRICT_PROTOTYPES = YES;
				CLANG_WARN_SUSPICIOUS_MOVE = YES;
				CLANG_WARN_UNGUARDED_AVAILABILITY = YES_AGGRESSIVE;
				CLANG_WARN_UNREACHABLE_CODE = YES;
				CLANG_WARN__DUPLICATE_METHOD_MATCH = YES;
				CODE_SIGN_IDENTITY = "iPhone Developer";
				COPY_PHASE_STRIP = NO;
				DEBUG_INFORMATION_FORMAT = "dwarf-with-dsym";
				ENABLE_NS_ASSERTIONS = NO;
				ENABLE_STRICT_OBJC_MSGSEND = YES;
				GCC_C_LANGUAGE_STANDARD = gnu11;
				GCC_NO_COMMON_BLOCKS = YES;
				GCC_WARN_64_TO_32_BIT_CONVERSION = YES;
				GCC_WARN_ABOUT_RETURN_TYPE = YES_ERROR;
				GCC_WARN_UNDECLARED_SELECTOR = YES;
				GCC_WARN_UNINITIALIZED_AUTOS = YES_AGGRESSIVE;
				GCC_WARN_UNUSED_FUNCTION = YES;
				GCC_WARN_UNUSED_VARIABLE = YES;
				IPHONEOS_DEPLOYMENT_TARGET = 11.2;
				MTL_ENABLE_DEBUG_INFO = NO;
				SDKROOT = iphoneos;
				SWIFT_OPTIMIZATION_LEVEL = "-Owholemodule";
				VALIDATE_PRODUCT = YES;
			};
			name = Release;
		};
		DB7C8F3A20C5992D00347AAE /* Debug */ = {
			isa = XCBuildConfiguration;
			baseConfigurationReference = C5B48DFAA964113B6F3925F6 /* Pods-ToGoList.debug.xcconfig */;
			buildSettings = {
				ASSETCATALOG_COMPILER_APPICON_NAME = AppIcon;
				CODE_SIGN_STYLE = Automatic;
				DEVELOPMENT_TEAM = S2YPU2BD58;
				INFOPLIST_FILE = ToGoList/Info.plist;
				LD_RUNPATH_SEARCH_PATHS = "$(inherited) @executable_path/Frameworks";
				PRODUCT_BUNDLE_IDENTIFIER = com.gjorgjim.ToGoList;
				PRODUCT_NAME = "$(TARGET_NAME)";
				SWIFT_VERSION = 4.0;
				TARGETED_DEVICE_FAMILY = "1,2";
			};
			name = Debug;
		};
		DB7C8F3B20C5992D00347AAE /* Release */ = {
			isa = XCBuildConfiguration;
			baseConfigurationReference = 6C0589026244359CE04B04F0 /* Pods-ToGoList.release.xcconfig */;
			buildSettings = {
				ASSETCATALOG_COMPILER_APPICON_NAME = AppIcon;
				CODE_SIGN_STYLE = Automatic;
				DEVELOPMENT_TEAM = S2YPU2BD58;
				INFOPLIST_FILE = ToGoList/Info.plist;
				LD_RUNPATH_SEARCH_PATHS = "$(inherited) @executable_path/Frameworks";
				PRODUCT_BUNDLE_IDENTIFIER = com.gjorgjim.ToGoList;
				PRODUCT_NAME = "$(TARGET_NAME)";
				SWIFT_VERSION = 4.0;
				TARGETED_DEVICE_FAMILY = "1,2";
			};
			name = Release;
		};
		DB7C8F3D20C5992D00347AAE /* Debug */ = {
			isa = XCBuildConfiguration;
			baseConfigurationReference = 74F2035B81057C00D278937F /* Pods-ToGoListTests.debug.xcconfig */;
			buildSettings = {
				ALWAYS_EMBED_SWIFT_STANDARD_LIBRARIES = YES;
				BUNDLE_LOADER = "$(TEST_HOST)";
				CODE_SIGN_STYLE = Automatic;
				INFOPLIST_FILE = ToGoListTests/Info.plist;
				LD_RUNPATH_SEARCH_PATHS = "$(inherited) @executable_path/Frameworks @loader_path/Frameworks";
				PRODUCT_BUNDLE_IDENTIFIER = com.gjorgjim.ToGoListTests;
				PRODUCT_NAME = "$(TARGET_NAME)";
				SWIFT_VERSION = 4.0;
				TARGETED_DEVICE_FAMILY = "1,2";
				TEST_HOST = "$(BUILT_PRODUCTS_DIR)/ToGoList.app/ToGoList";
			};
			name = Debug;
		};
		DB7C8F3E20C5992D00347AAE /* Release */ = {
			isa = XCBuildConfiguration;
			baseConfigurationReference = DF956B7AD024FC18EDD004D0 /* Pods-ToGoListTests.release.xcconfig */;
			buildSettings = {
				ALWAYS_EMBED_SWIFT_STANDARD_LIBRARIES = YES;
				BUNDLE_LOADER = "$(TEST_HOST)";
				CODE_SIGN_STYLE = Automatic;
				INFOPLIST_FILE = ToGoListTests/Info.plist;
				LD_RUNPATH_SEARCH_PATHS = "$(inherited) @executable_path/Frameworks @loader_path/Frameworks";
				PRODUCT_BUNDLE_IDENTIFIER = com.gjorgjim.ToGoListTests;
				PRODUCT_NAME = "$(TARGET_NAME)";
				SWIFT_VERSION = 4.0;
				TARGETED_DEVICE_FAMILY = "1,2";
				TEST_HOST = "$(BUILT_PRODUCTS_DIR)/ToGoList.app/ToGoList";
			};
			name = Release;
		};
		DB7C8F4020C5992D00347AAE /* Debug */ = {
			isa = XCBuildConfiguration;
			baseConfigurationReference = DEF7A34AF6C0D4EBE88025BC /* Pods-ToGoListUITests.debug.xcconfig */;
			buildSettings = {
				ALWAYS_EMBED_SWIFT_STANDARD_LIBRARIES = YES;
				CODE_SIGN_STYLE = Automatic;
				INFOPLIST_FILE = ToGoListUITests/Info.plist;
				LD_RUNPATH_SEARCH_PATHS = "$(inherited) @executable_path/Frameworks @loader_path/Frameworks";
				PRODUCT_BUNDLE_IDENTIFIER = com.gjorgjim.ToGoListUITests;
				PRODUCT_NAME = "$(TARGET_NAME)";
				SWIFT_VERSION = 4.0;
				TARGETED_DEVICE_FAMILY = "1,2";
				TEST_TARGET_NAME = ToGoList;
			};
			name = Debug;
		};
		DB7C8F4120C5992D00347AAE /* Release */ = {
			isa = XCBuildConfiguration;
			baseConfigurationReference = 265B2788979C8B6FE40B25B7 /* Pods-ToGoListUITests.release.xcconfig */;
			buildSettings = {
				ALWAYS_EMBED_SWIFT_STANDARD_LIBRARIES = YES;
				CODE_SIGN_STYLE = Automatic;
				INFOPLIST_FILE = ToGoListUITests/Info.plist;
				LD_RUNPATH_SEARCH_PATHS = "$(inherited) @executable_path/Frameworks @loader_path/Frameworks";
				PRODUCT_BUNDLE_IDENTIFIER = com.gjorgjim.ToGoListUITests;
				PRODUCT_NAME = "$(TARGET_NAME)";
				SWIFT_VERSION = 4.0;
				TARGETED_DEVICE_FAMILY = "1,2";
				TEST_TARGET_NAME = ToGoList;
			};
			name = Release;
		};
/* End XCBuildConfiguration section */

/* Begin XCConfigurationList section */
		DB7C8F0C20C5992D00347AAE /* Build configuration list for PBXProject "ToGoList" */ = {
			isa = XCConfigurationList;
			buildConfigurations = (
				DB7C8F3720C5992D00347AAE /* Debug */,
				DB7C8F3820C5992D00347AAE /* Release */,
			);
			defaultConfigurationIsVisible = 0;
			defaultConfigurationName = Release;
		};
		DB7C8F3920C5992D00347AAE /* Build configuration list for PBXNativeTarget "ToGoList" */ = {
			isa = XCConfigurationList;
			buildConfigurations = (
				DB7C8F3A20C5992D00347AAE /* Debug */,
				DB7C8F3B20C5992D00347AAE /* Release */,
			);
			defaultConfigurationIsVisible = 0;
			defaultConfigurationName = Release;
		};
		DB7C8F3C20C5992D00347AAE /* Build configuration list for PBXNativeTarget "ToGoListTests" */ = {
			isa = XCConfigurationList;
			buildConfigurations = (
				DB7C8F3D20C5992D00347AAE /* Debug */,
				DB7C8F3E20C5992D00347AAE /* Release */,
			);
			defaultConfigurationIsVisible = 0;
			defaultConfigurationName = Release;
		};
		DB7C8F3F20C5992D00347AAE /* Build configuration list for PBXNativeTarget "ToGoListUITests" */ = {
			isa = XCConfigurationList;
			buildConfigurations = (
				DB7C8F4020C5992D00347AAE /* Debug */,
				DB7C8F4120C5992D00347AAE /* Release */,
			);
			defaultConfigurationIsVisible = 0;
			defaultConfigurationName = Release;
		};
/* End XCConfigurationList section */
	};
	rootObject = DB7C8F0920C5992D00347AAE /* Project object */;
}
